
Microsoft Visual Studio Solution File, Format Version 12.00
# Visual Studio 15
VisualStudioVersion = 15.0.28307.329
MinimumVisualStudioVersion = 10.0.40219.1
Project("{FAE04EC0-301F-11D3-BF4B-00C04F79EFBC}") = "Znamky", "Znamky\Znamky.csproj", "{70A3CE58-81E5-4706-A4A8-132C16416F1B}"
EndProject
Project("{FAE04EC0-301F-11D3-BF4B-00C04F79EFBC}") = "ClassLibrary1", "ClassLibrary1\ClassLibrary1.csproj", "{F3B948F8-D61B-4CA0-B40A-786E8ADE51DE}"
EndProject
Project("{FAE04EC0-301F-11D3-BF4B-00C04F79EFBC}") = "App1.Android", "App1\App1.Android\App1.Android.csproj", "{23D87629-D39C-4B49-9DFB-E83760107B38}"
EndProject
Project("{FAE04EC0-301F-11D3-BF4B-00C04F79EFBC}") = "App1.iOS", "App1\App1.iOS\App1.iOS.csproj", "{96493219-18B5-4191-A665-BF5DC4EEDDA8}"
EndProject
Project("{FAE04EC0-301F-11D3-BF4B-00C04F79EFBC}") = "App1.UWP", "App1\App1.UWP\App1.UWP.csproj", "{2D66B8C7-CB5C-4AE0-B6E7-A60AAFE60E2F}"
EndProject
Project("{FAE04EC0-301F-11D3-BF4B-00C04F79EFBC}") = "App1", "App1\App1\App1.csproj", "{7A425287-543A-458E-A7A3-4EADE6B6F3D9}"
EndProject
Global
	GlobalSection(SolutionConfigurationPlatforms) = preSolution
		Ad-Hoc|Any CPU = Ad-Hoc|Any CPU
		Ad-Hoc|ARM = Ad-Hoc|ARM
		Ad-Hoc|iPhone = Ad-Hoc|iPhone
		Ad-Hoc|iPhoneSimulator = Ad-Hoc|iPhoneSimulator
		Ad-Hoc|x64 = Ad-Hoc|x64
		Ad-Hoc|x86 = Ad-Hoc|x86
		AppStore|Any CPU = AppStore|Any CPU
		AppStore|ARM = AppStore|ARM
		AppStore|iPhone = AppStore|iPhone
		AppStore|iPhoneSimulator = AppStore|iPhoneSimulator
		AppStore|x64 = AppStore|x64
		AppStore|x86 = AppStore|x86
		Debug|Any CPU = Debug|Any CPU
		Debug|ARM = Debug|ARM
		Debug|iPhone = Debug|iPhone
		Debug|iPhoneSimulator = Debug|iPhoneSimulator
		Debug|x64 = Debug|x64
		Debug|x86 = Debug|x86
		Release|Any CPU = Release|Any CPU
		Release|ARM = Release|ARM
		Release|iPhone = Release|iPhone
		Release|iPhoneSimulator = Release|iPhoneSimulator
		Release|x64 = Release|x64
		Release|x86 = Release|x86
	EndGlobalSection
	GlobalSection(ProjectConfigurationPlatforms) = postSolution
		{70A3CE58-81E5-4706-A4A8-132C16416F1B}.Ad-Hoc|Any CPU.ActiveCfg = Debug|Any CPU
		{70A3CE58-81E5-4706-A4A8-132C16416F1B}.Ad-Hoc|Any CPU.Build.0 = Debug|Any CPU
		{70A3CE58-81E5-4706-A4A8-132C16416F1B}.Ad-Hoc|ARM.ActiveCfg = Debug|Any CPU
		{70A3CE58-81E5-4706-A4A8-132C16416F1B}.Ad-Hoc|ARM.Build.0 = Debug|Any CPU
		{70A3CE58-81E5-4706-A4A8-132C16416F1B}.Ad-Hoc|iPhone.ActiveCfg = Debug|Any CPU
		{70A3CE58-81E5-4706-A4A8-132C16416F1B}.Ad-Hoc|iPhone.Build.0 = Debug|Any CPU
		{70A3CE58-81E5-4706-A4A8-132C16416F1B}.Ad-Hoc|iPhoneSimulator.ActiveCfg = Debug|Any CPU
		{70A3CE58-81E5-4706-A4A8-132C16416F1B}.Ad-Hoc|iPhoneSimulator.Build.0 = Debug|Any CPU
		{70A3CE58-81E5-4706-A4A8-132C16416F1B}.Ad-Hoc|x64.ActiveCfg = Debug|Any CPU
		{70A3CE58-81E5-4706-A4A8-132C16416F1B}.Ad-Hoc|x64.Build.0 = Debug|Any CPU
		{70A3CE58-81E5-4706-A4A8-132C16416F1B}.Ad-Hoc|x86.ActiveCfg = Debug|Any CPU
		{70A3CE58-81E5-4706-A4A8-132C16416F1B}.Ad-Hoc|x86.Build.0 = Debug|Any CPU
		{70A3CE58-81E5-4706-A4A8-132C16416F1B}.AppStore|Any CPU.ActiveCfg = Debug|Any CPU
		{70A3CE58-81E5-4706-A4A8-132C16416F1B}.AppStore|Any CPU.Build.0 = Debug|Any CPU
		{70A3CE58-81E5-4706-A4A8-132C16416F1B}.AppStore|ARM.ActiveCfg = Debug|Any CPU
		{70A3CE58-81E5-4706-A4A8-132C16416F1B}.AppStore|ARM.Build.0 = Debug|Any CPU
		{70A3CE58-81E5-4706-A4A8-132C16416F1B}.AppStore|iPhone.ActiveCfg = Debug|Any CPU
		{70A3CE58-81E5-4706-A4A8-132C16416F1B}.AppStore|iPhone.Build.0 = Debug|Any CPU
		{70A3CE58-81E5-4706-A4A8-132C16416F1B}.AppStore|iPhoneSimulator.ActiveCfg = Debug|Any CPU
		{70A3CE58-81E5-4706-A4A8-132C16416F1B}.AppStore|iPhoneSimulator.Build.0 = Debug|Any CPU
		{70A3CE58-81E5-4706-A4A8-132C16416F1B}.AppStore|x64.ActiveCfg = Debug|Any CPU
		{70A3CE58-81E5-4706-A4A8-132C16416F1B}.AppStore|x64.Build.0 = Debug|Any CPU
		{70A3CE58-81E5-4706-A4A8-132C16416F1B}.AppStore|x86.ActiveCfg = Debug|Any CPU
		{70A3CE58-81E5-4706-A4A8-132C16416F1B}.AppStore|x86.Build.0 = Debug|Any CPU
		{70A3CE58-81E5-4706-A4A8-132C16416F1B}.Debug|Any CPU.ActiveCfg = Debug|Any CPU
		{70A3CE58-81E5-4706-A4A8-132C16416F1B}.Debug|Any CPU.Build.0 = Debug|Any CPU
		{70A3CE58-81E5-4706-A4A8-132C16416F1B}.Debug|ARM.ActiveCfg = Debug|Any CPU
		{70A3CE58-81E5-4706-A4A8-132C16416F1B}.Debug|ARM.Build.0 = Debug|Any CPU
		{70A3CE58-81E5-4706-A4A8-132C16416F1B}.Debug|iPhone.ActiveCfg = Debug|Any CPU
		{70A3CE58-81E5-4706-A4A8-132C16416F1B}.Debug|iPhone.Build.0 = Debug|Any CPU
		{70A3CE58-81E5-4706-A4A8-132C16416F1B}.Debug|iPhoneSimulator.ActiveCfg = Debug|Any CPU
		{70A3CE58-81E5-4706-A4A8-132C16416F1B}.Debug|iPhoneSimulator.Build.0 = Debug|Any CPU
		{70A3CE58-81E5-4706-A4A8-132C16416F1B}.Debug|x64.ActiveCfg = Debug|Any CPU
		{70A3CE58-81E5-4706-A4A8-132C16416F1B}.Debug|x64.Build.0 = Debug|Any CPU
		{70A3CE58-81E5-4706-A4A8-132C16416F1B}.Debug|x86.ActiveCfg = Debug|Any CPU
		{70A3CE58-81E5-4706-A4A8-132C16416F1B}.Debug|x86.Build.0 = Debug|Any CPU
		{70A3CE58-81E5-4706-A4A8-132C16416F1B}.Release|Any CPU.ActiveCfg = Release|Any CPU
		{70A3CE58-81E5-4706-A4A8-132C16416F1B}.Release|Any CPU.Build.0 = Release|Any CPU
		{70A3CE58-81E5-4706-A4A8-132C16416F1B}.Release|ARM.ActiveCfg = Release|Any CPU
		{70A3CE58-81E5-4706-A4A8-132C16416F1B}.Release|ARM.Build.0 = Release|Any CPU
		{70A3CE58-81E5-4706-A4A8-132C16416F1B}.Release|iPhone.ActiveCfg = Release|Any CPU
		{70A3CE58-81E5-4706-A4A8-132C16416F1B}.Release|iPhone.Build.0 = Release|Any CPU
		{70A3CE58-81E5-4706-A4A8-132C16416F1B}.Release|iPhoneSimulator.ActiveCfg = Release|Any CPU
		{70A3CE58-81E5-4706-A4A8-132C16416F1B}.Release|iPhoneSimulator.Build.0 = Release|Any CPU
		{70A3CE58-81E5-4706-A4A8-132C16416F1B}.Release|x64.ActiveCfg = Release|Any CPU
		{70A3CE58-81E5-4706-A4A8-132C16416F1B}.Release|x64.Build.0 = Release|Any CPU
		{70A3CE58-81E5-4706-A4A8-132C16416F1B}.Release|x86.ActiveCfg = Release|Any CPU
		{70A3CE58-81E5-4706-A4A8-132C16416F1B}.Release|x86.Build.0 = Release|Any CPU
		{F3B948F8-D61B-4CA0-B40A-786E8ADE51DE}.Ad-Hoc|Any CPU.ActiveCfg = Debug|Any CPU
		{F3B948F8-D61B-4CA0-B40A-786E8ADE51DE}.Ad-Hoc|Any CPU.Build.0 = Debug|Any CPU
		{F3B948F8-D61B-4CA0-B40A-786E8ADE51DE}.Ad-Hoc|ARM.ActiveCfg = Debug|Any CPU
		{F3B948F8-D61B-4CA0-B40A-786E8ADE51DE}.Ad-Hoc|ARM.Build.0 = Debug|Any CPU
		{F3B948F8-D61B-4CA0-B40A-786E8ADE51DE}.Ad-Hoc|iPhone.ActiveCfg = Debug|Any CPU
		{F3B948F8-D61B-4CA0-B40A-786E8ADE51DE}.Ad-Hoc|iPhone.Build.0 = Debug|Any CPU
		{F3B948F8-D61B-4CA0-B40A-786E8ADE51DE}.Ad-Hoc|iPhoneSimulator.ActiveCfg = Debug|Any CPU
		{F3B948F8-D61B-4CA0-B40A-786E8ADE51DE}.Ad-Hoc|iPhoneSimulator.Build.0 = Debug|Any CPU
		{F3B948F8-D61B-4CA0-B40A-786E8ADE51DE}.Ad-Hoc|x64.ActiveCfg = Debug|Any CPU
		{F3B948F8-D61B-4CA0-B40A-786E8ADE51DE}.Ad-Hoc|x64.Build.0 = Debug|Any CPU
		{F3B948F8-D61B-4CA0-B40A-786E8ADE51DE}.Ad-Hoc|x86.ActiveCfg = Debug|Any CPU
		{F3B948F8-D61B-4CA0-B40A-786E8ADE51DE}.Ad-Hoc|x86.Build.0 = Debug|Any CPU
		{F3B948F8-D61B-4CA0-B40A-786E8ADE51DE}.AppStore|Any CPU.ActiveCfg = Debug|Any CPU
		{F3B948F8-D61B-4CA0-B40A-786E8ADE51DE}.AppStore|Any CPU.Build.0 = Debug|Any CPU
		{F3B948F8-D61B-4CA0-B40A-786E8ADE51DE}.AppStore|ARM.ActiveCfg = Debug|Any CPU
		{F3B948F8-D61B-4CA0-B40A-786E8ADE51DE}.AppStore|ARM.Build.0 = Debug|Any CPU
		{F3B948F8-D61B-4CA0-B40A-786E8ADE51DE}.AppStore|iPhone.ActiveCfg = Debug|Any CPU
		{F3B948F8-D61B-4CA0-B40A-786E8ADE51DE}.AppStore|iPhone.Build.0 = Debug|Any CPU
		{F3B948F8-D61B-4CA0-B40A-786E8ADE51DE}.AppStore|iPhoneSimulator.ActiveCfg = Debug|Any CPU
		{F3B948F8-D61B-4CA0-B40A-786E8ADE51DE}.AppStore|iPhoneSimulator.Build.0 = Debug|Any CPU
		{F3B948F8-D61B-4CA0-B40A-786E8ADE51DE}.AppStore|x64.ActiveCfg = Debug|Any CPU
		{F3B948F8-D61B-4CA0-B40A-786E8ADE51DE}.AppStore|x64.Build.0 = Debug|Any CPU
		{F3B948F8-D61B-4CA0-B40A-786E8ADE51DE}.AppStore|x86.ActiveCfg = Debug|Any CPU
		{F3B948F8-D61B-4CA0-B40A-786E8ADE51DE}.AppStore|x86.Build.0 = Debug|Any CPU
		{F3B948F8-D61B-4CA0-B40A-786E8ADE51DE}.Debug|Any CPU.ActiveCfg = Debug|Any CPU
		{F3B948F8-D61B-4CA0-B40A-786E8ADE51DE}.Debug|Any CPU.Build.0 = Debug|Any CPU
		{F3B948F8-D61B-4CA0-B40A-786E8ADE51DE}.Debug|ARM.ActiveCfg = Debug|Any CPU
		{F3B948F8-D61B-4CA0-B40A-786E8ADE51DE}.Debug|ARM.Build.0 = Debug|Any CPU
		{F3B948F8-D61B-4CA0-B40A-786E8ADE51DE}.Debug|iPhone.ActiveCfg = Debug|Any CPU
		{F3B948F8-D61B-4CA0-B40A-786E8ADE51DE}.Debug|iPhone.Build.0 = Debug|Any CPU
		{F3B948F8-D61B-4CA0-B40A-786E8ADE51DE}.Debug|iPhoneSimulator.ActiveCfg = Debug|Any CPU
		{F3B948F8-D61B-4CA0-B40A-786E8ADE51DE}.Debug|iPhoneSimulator.Build.0 = Debug|Any CPU
		{F3B948F8-D61B-4CA0-B40A-786E8ADE51DE}.Debug|x64.ActiveCfg = Debug|Any CPU
		{F3B948F8-D61B-4CA0-B40A-786E8ADE51DE}.Debug|x64.Build.0 = Debug|Any CPU
		{F3B948F8-D61B-4CA0-B40A-786E8ADE51DE}.Debug|x86.ActiveCfg = Debug|Any CPU
		{F3B948F8-D61B-4CA0-B40A-786E8ADE51DE}.Debug|x86.Build.0 = Debug|Any CPU
		{F3B948F8-D61B-4CA0-B40A-786E8ADE51DE}.Release|Any CPU.ActiveCfg = Release|Any CPU
		{F3B948F8-D61B-4CA0-B40A-786E8ADE51DE}.Release|Any CPU.Build.0 = Release|Any CPU
		{F3B948F8-D61B-4CA0-B40A-786E8ADE51DE}.Release|ARM.ActiveCfg = Release|Any CPU
		{F3B948F8-D61B-4CA0-B40A-786E8ADE51DE}.Release|ARM.Build.0 = Release|Any CPU
		{F3B948F8-D61B-4CA0-B40A-786E8ADE51DE}.Release|iPhone.ActiveCfg = Release|Any CPU
		{F3B948F8-D61B-4CA0-B40A-786E8ADE51DE}.Release|iPhone.Build.0 = Release|Any CPU
		{F3B948F8-D61B-4CA0-B40A-786E8ADE51DE}.Release|iPhoneSimulator.ActiveCfg = Release|Any CPU
		{F3B948F8-D61B-4CA0-B40A-786E8ADE51DE}.Release|iPhoneSimulator.Build.0 = Release|Any CPU
		{F3B948F8-D61B-4CA0-B40A-786E8ADE51DE}.Release|x64.ActiveCfg = Release|Any CPU
		{F3B948F8-D61B-4CA0-B40A-786E8ADE51DE}.Release|x64.Build.0 = Release|Any CPU
		{F3B948F8-D61B-4CA0-B40A-786E8ADE51DE}.Release|x86.ActiveCfg = Release|Any CPU
		{F3B948F8-D61B-4CA0-B40A-786E8ADE51DE}.Release|x86.Build.0 = Release|Any CPU
		{23D87629-D39C-4B49-9DFB-E83760107B38}.Ad-Hoc|Any CPU.ActiveCfg = Release|Any CPU
		{23D87629-D39C-4B49-9DFB-E83760107B38}.Ad-Hoc|Any CPU.Build.0 = Release|Any CPU
		{23D87629-D39C-4B49-9DFB-E83760107B38}.Ad-Hoc|Any CPU.Deploy.0 = Release|Any CPU
		{23D87629-D39C-4B49-9DFB-E83760107B38}.Ad-Hoc|ARM.ActiveCfg = Release|Any CPU
		{23D87629-D39C-4B49-9DFB-E83760107B38}.Ad-Hoc|ARM.Build.0 = Release|Any CPU
		{23D87629-D39C-4B49-9DFB-E83760107B38}.Ad-Hoc|ARM.Deploy.0 = Release|Any CPU
		{23D87629-D39C-4B49-9DFB-E83760107B38}.Ad-Hoc|iPhone.ActiveCfg = Release|Any CPU
		{23D87629-D39C-4B49-9DFB-E83760107B38}.Ad-Hoc|iPhone.Build.0 = Release|Any CPU
		{23D87629-D39C-4B49-9DFB-E83760107B38}.Ad-Hoc|iPhone.Deploy.0 = Release|Any CPU
		{23D87629-D39C-4B49-9DFB-E83760107B38}.Ad-Hoc|iPhoneSimulator.ActiveCfg = Release|Any CPU
		{23D87629-D39C-4B49-9DFB-E83760107B38}.Ad-Hoc|iPhoneSimulator.Build.0 = Release|Any CPU
		{23D87629-D39C-4B49-9DFB-E83760107B38}.Ad-Hoc|iPhoneSimulator.Deploy.0 = Release|Any CPU
		{23D87629-D39C-4B49-9DFB-E83760107B38}.Ad-Hoc|x64.ActiveCfg = Release|Any CPU
		{23D87629-D39C-4B49-9DFB-E83760107B38}.Ad-Hoc|x64.Build.0 = Release|Any CPU
		{23D87629-D39C-4B49-9DFB-E83760107B38}.Ad-Hoc|x64.Deploy.0 = Release|Any CPU
		{23D87629-D39C-4B49-9DFB-E83760107B38}.Ad-Hoc|x86.ActiveCfg = Release|Any CPU
		{23D87629-D39C-4B49-9DFB-E83760107B38}.Ad-Hoc|x86.Build.0 = Release|Any CPU
		{23D87629-D39C-4B49-9DFB-E83760107B38}.Ad-Hoc|x86.Deploy.0 = Release|Any CPU
		{23D87629-D39C-4B49-9DFB-E83760107B38}.AppStore|Any CPU.ActiveCfg = Release|Any CPU
		{23D87629-D39C-4B49-9DFB-E83760107B38}.AppStore|Any CPU.Build.0 = Release|Any CPU
		{23D87629-D39C-4B49-9DFB-E83760107B38}.AppStore|Any CPU.Deploy.0 = Release|Any CPU
		{23D87629-D39C-4B49-9DFB-E83760107B38}.AppStore|ARM.ActiveCfg = Release|Any CPU
		{23D87629-D39C-4B49-9DFB-E83760107B38}.AppStore|ARM.Build.0 = Release|Any CPU
		{23D87629-D39C-4B49-9DFB-E83760107B38}.AppStore|ARM.Deploy.0 = Release|Any CPU
		{23D87629-D39C-4B49-9DFB-E83760107B38}.AppStore|iPhone.ActiveCfg = Release|Any CPU
		{23D87629-D39C-4B49-9DFB-E83760107B38}.AppStore|iPhone.Build.0 = Release|Any CPU
		{23D87629-D39C-4B49-9DFB-E83760107B38}.AppStore|iPhone.Deploy.0 = Release|Any CPU
		{23D87629-D39C-4B49-9DFB-E83760107B38}.AppStore|iPhoneSimulator.ActiveCfg = Release|Any CPU
		{23D87629-D39C-4B49-9DFB-E83760107B38}.AppStore|iPhoneSimulator.Build.0 = Release|Any CPU
		{23D87629-D39C-4B49-9DFB-E83760107B38}.AppStore|iPhoneSimulator.Deploy.0 = Release|Any CPU
		{23D87629-D39C-4B49-9DFB-E83760107B38}.AppStore|x64.ActiveCfg = Release|Any CPU
		{23D87629-D39C-4B49-9DFB-E83760107B38}.AppStore|x64.Build.0 = Release|Any CPU
		{23D87629-D39C-4B49-9DFB-E83760107B38}.AppStore|x64.Deploy.0 = Release|Any CPU
		{23D87629-D39C-4B49-9DFB-E83760107B38}.AppStore|x86.ActiveCfg = Release|Any CPU
		{23D87629-D39C-4B49-9DFB-E83760107B38}.AppStore|x86.Build.0 = Release|Any CPU
		{23D87629-D39C-4B49-9DFB-E83760107B38}.AppStore|x86.Deploy.0 = Release|Any CPU
		{23D87629-D39C-4B49-9DFB-E83760107B38}.Debug|Any CPU.ActiveCfg = Debug|Any CPU
		{23D87629-D39C-4B49-9DFB-E83760107B38}.Debug|Any CPU.Build.0 = Debug|Any CPU
		{23D87629-D39C-4B49-9DFB-E83760107B38}.Debug|Any CPU.Deploy.0 = Debug|Any CPU
		{23D87629-D39C-4B49-9DFB-E83760107B38}.Debug|ARM.ActiveCfg = Debug|Any CPU
		{23D87629-D39C-4B49-9DFB-E83760107B38}.Debug|ARM.Build.0 = Debug|Any CPU
		{23D87629-D39C-4B49-9DFB-E83760107B38}.Debug|ARM.Deploy.0 = Debug|Any CPU
		{23D87629-D39C-4B49-9DFB-E83760107B38}.Debug|iPhone.ActiveCfg = Debug|Any CPU
		{23D87629-D39C-4B49-9DFB-E83760107B38}.Debug|iPhone.Build.0 = Debug|Any CPU
		{23D87629-D39C-4B49-9DFB-E83760107B38}.Debug|iPhone.Deploy.0 = Debug|Any CPU
		{23D87629-D39C-4B49-9DFB-E83760107B38}.Debug|iPhoneSimulator.ActiveCfg = Debug|Any CPU
		{23D87629-D39C-4B49-9DFB-E83760107B38}.Debug|iPhoneSimulator.Build.0 = Debug|Any CPU
		{23D87629-D39C-4B49-9DFB-E83760107B38}.Debug|iPhoneSimulator.Deploy.0 = Debug|Any CPU
		{23D87629-D39C-4B49-9DFB-E83760107B38}.Debug|x64.ActiveCfg = Debug|Any CPU
		{23D87629-D39C-4B49-9DFB-E83760107B38}.Debug|x64.Build.0 = Debug|Any CPU
		{23D87629-D39C-4B49-9DFB-E83760107B38}.Debug|x64.Deploy.0 = Debug|Any CPU
		{23D87629-D39C-4B49-9DFB-E83760107B38}.Debug|x86.ActiveCfg = Debug|Any CPU
		{23D87629-D39C-4B49-9DFB-E83760107B38}.Debug|x86.Build.0 = Debug|Any CPU
		{23D87629-D39C-4B49-9DFB-E83760107B38}.Debug|x86.Deploy.0 = Debug|Any CPU
		{23D87629-D39C-4B49-9DFB-E83760107B38}.Release|Any CPU.ActiveCfg = Release|Any CPU
		{23D87629-D39C-4B49-9DFB-E83760107B38}.Release|Any CPU.Build.0 = Release|Any CPU
		{23D87629-D39C-4B49-9DFB-E83760107B38}.Release|Any CPU.Deploy.0 = Release|Any CPU
		{23D87629-D39C-4B49-9DFB-E83760107B38}.Release|ARM.ActiveCfg = Release|Any CPU
		{23D87629-D39C-4B49-9DFB-E83760107B38}.Release|ARM.Build.0 = Release|Any CPU
		{23D87629-D39C-4B49-9DFB-E83760107B38}.Release|ARM.Deploy.0 = Release|Any CPU
		{23D87629-D39C-4B49-9DFB-E83760107B38}.Release|iPhone.ActiveCfg = Release|Any CPU
		{23D87629-D39C-4B49-9DFB-E83760107B38}.Release|iPhone.Build.0 = Release|Any CPU
		{23D87629-D39C-4B49-9DFB-E83760107B38}.Release|iPhone.Deploy.0 = Release|Any CPU
		{23D87629-D39C-4B49-9DFB-E83760107B38}.Release|iPhoneSimulator.ActiveCfg = Release|Any CPU
		{23D87629-D39C-4B49-9DFB-E83760107B38}.Release|iPhoneSimulator.Build.0 = Release|Any CPU
		{23D87629-D39C-4B49-9DFB-E83760107B38}.Release|iPhoneSimulator.Deploy.0 = Release|Any CPU
		{23D87629-D39C-4B49-9DFB-E83760107B38}.Release|x64.ActiveCfg = Release|Any CPU
		{23D87629-D39C-4B49-9DFB-E83760107B38}.Release|x64.Build.0 = Release|Any CPU
		{23D87629-D39C-4B49-9DFB-E83760107B38}.Release|x64.Deploy.0 = Release|Any CPU
		{23D87629-D39C-4B49-9DFB-E83760107B38}.Release|x86.ActiveCfg = Release|Any CPU
		{23D87629-D39C-4B49-9DFB-E83760107B38}.Release|x86.Build.0 = Release|Any CPU
		{23D87629-D39C-4B49-9DFB-E83760107B38}.Release|x86.Deploy.0 = Release|Any CPU
		{96493219-18B5-4191-A665-BF5DC4EEDDA8}.Ad-Hoc|Any CPU.ActiveCfg = Ad-Hoc|iPhone
		{96493219-18B5-4191-A665-BF5DC4EEDDA8}.Ad-Hoc|ARM.ActiveCfg = Ad-Hoc|iPhone
		{96493219-18B5-4191-A665-BF5DC4EEDDA8}.Ad-Hoc|iPhone.ActiveCfg = Ad-Hoc|iPhone
		{96493219-18B5-4191-A665-BF5DC4EEDDA8}.Ad-Hoc|iPhone.Build.0 = Ad-Hoc|iPhone
		{96493219-18B5-4191-A665-BF5DC4EEDDA8}.Ad-Hoc|iPhoneSimulator.ActiveCfg = Ad-Hoc|iPhoneSimulator
		{96493219-18B5-4191-A665-BF5DC4EEDDA8}.Ad-Hoc|iPhoneSimulator.Build.0 = Ad-Hoc|iPhoneSimulator
		{96493219-18B5-4191-A665-BF5DC4EEDDA8}.Ad-Hoc|x64.ActiveCfg = Ad-Hoc|iPhone
		{96493219-18B5-4191-A665-BF5DC4EEDDA8}.Ad-Hoc|x86.ActiveCfg = Ad-Hoc|iPhone
		{96493219-18B5-4191-A665-BF5DC4EEDDA8}.AppStore|Any CPU.ActiveCfg = AppStore|iPhone
		{96493219-18B5-4191-A665-BF5DC4EEDDA8}.AppStore|ARM.ActiveCfg = AppStore|iPhone
		{96493219-18B5-4191-A665-BF5DC4EEDDA8}.AppStore|iPhone.ActiveCfg = AppStore|iPhone
		{96493219-18B5-4191-A665-BF5DC4EEDDA8}.AppStore|iPhone.Build.0 = AppStore|iPhone
		{96493219-18B5-4191-A665-BF5DC4EEDDA8}.AppStore|iPhoneSimulator.ActiveCfg = AppStore|iPhoneSimulator
		{96493219-18B5-4191-A665-BF5DC4EEDDA8}.AppStore|iPhoneSimulator.Build.0 = AppStore|iPhoneSimulator
		{96493219-18B5-4191-A665-BF5DC4EEDDA8}.AppStore|x64.ActiveCfg = AppStore|iPhone
		{96493219-18B5-4191-A665-BF5DC4EEDDA8}.AppStore|x86.ActiveCfg = AppStore|iPhone
		{96493219-18B5-4191-A665-BF5DC4EEDDA8}.Debug|Any CPU.ActiveCfg = Debug|iPhone
		{96493219-18B5-4191-A665-BF5DC4EEDDA8}.Debug|ARM.ActiveCfg = Debug|iPhone
		{96493219-18B5-4191-A665-BF5DC4EEDDA8}.Debug|iPhone.ActiveCfg = Debug|iPhone
		{96493219-18B5-4191-A665-BF5DC4EEDDA8}.Debug|iPhone.Build.0 = Debug|iPhone
		{96493219-18B5-4191-A665-BF5DC4EEDDA8}.Debug|iPhoneSimulator.ActiveCfg = Debug|iPhoneSimulator
		{96493219-18B5-4191-A665-BF5DC4EEDDA8}.Debug|iPhoneSimulator.Build.0 = Debug|iPhoneSimulator
		{96493219-18B5-4191-A665-BF5DC4EEDDA8}.Debug|x64.ActiveCfg = Debug|iPhone
		{96493219-18B5-4191-A665-BF5DC4EEDDA8}.Debug|x86.ActiveCfg = Debug|iPhone
		{96493219-18B5-4191-A665-BF5DC4EEDDA8}.Release|Any CPU.ActiveCfg = Release|iPhone
		{96493219-18B5-4191-A665-BF5DC4EEDDA8}.Release|ARM.ActiveCfg = Release|iPhone
		{96493219-18B5-4191-A665-BF5DC4EEDDA8}.Release|iPhone.ActiveCfg = Release|iPhone
		{96493219-18B5-4191-A665-BF5DC4EEDDA8}.Release|iPhone.Build.0 = Release|iPhone
		{96493219-18B5-4191-A665-BF5DC4EEDDA8}.Release|iPhoneSimulator.ActiveCfg = Release|iPhoneSimulator
		{96493219-18B5-4191-A665-BF5DC4EEDDA8}.Release|iPhoneSimulator.Build.0 = Release|iPhoneSimulator
		{96493219-18B5-4191-A665-BF5DC4EEDDA8}.Release|x64.ActiveCfg = Release|iPhone
		{96493219-18B5-4191-A665-BF5DC4EEDDA8}.Release|x86.ActiveCfg = Release|iPhone
		{2D66B8C7-CB5C-4AE0-B6E7-A60AAFE60E2F}.Ad-Hoc|Any CPU.ActiveCfg = Release|x86
		{2D66B8C7-CB5C-4AE0-B6E7-A60AAFE60E2F}.Ad-Hoc|Any CPU.Build.0 = Release|x86
		{2D66B8C7-CB5C-4AE0-B6E7-A60AAFE60E2F}.Ad-Hoc|Any CPU.Deploy.0 = Release|x86
		{2D66B8C7-CB5C-4AE0-B6E7-A60AAFE60E2F}.Ad-Hoc|ARM.ActiveCfg = Release|ARM
		{2D66B8C7-CB5C-4AE0-B6E7-A60AAFE60E2F}.Ad-Hoc|ARM.Build.0 = Release|ARM
		{2D66B8C7-CB5C-4AE0-B6E7-A60AAFE60E2F}.Ad-Hoc|ARM.Deploy.0 = Release|ARM
		{2D66B8C7-CB5C-4AE0-B6E7-A60AAFE60E2F}.Ad-Hoc|iPhone.ActiveCfg = Release|x86
		{2D66B8C7-CB5C-4AE0-B6E7-A60AAFE60E2F}.Ad-Hoc|iPhone.Build.0 = Release|x86
		{2D66B8C7-CB5C-4AE0-B6E7-A60AAFE60E2F}.Ad-Hoc|iPhone.Deploy.0 = Release|x86
		{2D66B8C7-CB5C-4AE0-B6E7-A60AAFE60E2F}.Ad-Hoc|iPhoneSimulator.ActiveCfg = Release|x86
		{2D66B8C7-CB5C-4AE0-B6E7-A60AAFE60E2F}.Ad-Hoc|iPhoneSimulator.Build.0 = Release|x86
		{2D66B8C7-CB5C-4AE0-B6E7-A60AAFE60E2F}.Ad-Hoc|iPhoneSimulator.Deploy.0 = Release|x86
		{2D66B8C7-CB5C-4AE0-B6E7-A60AAFE60E2F}.Ad-Hoc|x64.ActiveCfg = Release|x64
		{2D66B8C7-CB5C-4AE0-B6E7-A60AAFE60E2F}.Ad-Hoc|x64.Build.0 = Release|x64
		{2D66B8C7-CB5C-4AE0-B6E7-A60AAFE60E2F}.Ad-Hoc|x64.Deploy.0 = Release|x64
		{2D66B8C7-CB5C-4AE0-B6E7-A60AAFE60E2F}.Ad-Hoc|x86.ActiveCfg = Release|x86
		{2D66B8C7-CB5C-4AE0-B6E7-A60AAFE60E2F}.Ad-Hoc|x86.Build.0 = Release|x86
		{2D66B8C7-CB5C-4AE0-B6E7-A60AAFE60E2F}.Ad-Hoc|x86.Deploy.0 = Release|x86
		{2D66B8C7-CB5C-4AE0-B6E7-A60AAFE60E2F}.AppStore|Any CPU.ActiveCfg = Release|x86
		{2D66B8C7-CB5C-4AE0-B6E7-A60AAFE60E2F}.AppStore|Any CPU.Build.0 = Release|x86
		{2D66B8C7-CB5C-4AE0-B6E7-A60AAFE60E2F}.AppStore|Any CPU.Deploy.0 = Release|x86
		{2D66B8C7-CB5C-4AE0-B6E7-A60AAFE60E2F}.AppStore|ARM.ActiveCfg = Release|ARM
		{2D66B8C7-CB5C-4AE0-B6E7-A60AAFE60E2F}.AppStore|ARM.Build.0 = Release|ARM
		{2D66B8C7-CB5C-4AE0-B6E7-A60AAFE60E2F}.AppStore|ARM.Deploy.0 = Release|ARM
		{2D66B8C7-CB5C-4AE0-B6E7-A60AAFE60E2F}.AppStore|iPhone.ActiveCfg = Release|x86
		{2D66B8C7-CB5C-4AE0-B6E7-A60AAFE60E2F}.AppStore|iPhone.Build.0 = Release|x86
		{2D66B8C7-CB5C-4AE0-B6E7-A60AAFE60E2F}.AppStore|iPhone.Deploy.0 = Release|x86
		{2D66B8C7-CB5C-4AE0-B6E7-A60AAFE60E2F}.AppStore|iPhoneSimulator.ActiveCfg = Release|x86
		{2D66B8C7-CB5C-4AE0-B6E7-A60AAFE60E2F}.AppStore|iPhoneSimulator.Build.0 = Release|x86
		{2D66B8C7-CB5C-4AE0-B6E7-A60AAFE60E2F}.AppStore|iPhoneSimulator.Deploy.0 = Release|x86
		{2D66B8C7-CB5C-4AE0-B6E7-A60AAFE60E2F}.AppStore|x64.ActiveCfg = Release|x64
		{2D66B8C7-CB5C-4AE0-B6E7-A60AAFE60E2F}.AppStore|x64.Build.0 = Release|x64
		{2D66B8C7-CB5C-4AE0-B6E7-A60AAFE60E2F}.AppStore|x64.Deploy.0 = Release|x64
		{2D66B8C7-CB5C-4AE0-B6E7-A60AAFE60E2F}.AppStore|x86.ActiveCfg = Release|x86
		{2D66B8C7-CB5C-4AE0-B6E7-A60AAFE60E2F}.AppStore|x86.Build.0 = Release|x86
		{2D66B8C7-CB5C-4AE0-B6E7-A60AAFE60E2F}.AppStore|x86.Deploy.0 = Release|x86
		{2D66B8C7-CB5C-4AE0-B6E7-A60AAFE60E2F}.Debug|Any CPU.ActiveCfg = Debug|x86
		{2D66B8C7-CB5C-4AE0-B6E7-A60AAFE60E2F}.Debug|ARM.ActiveCfg = Debug|ARM
		{2D66B8C7-CB5C-4AE0-B6E7-A60AAFE60E2F}.Debug|ARM.Build.0 = Debug|ARM
		{2D66B8C7-CB5C-4AE0-B6E7-A60AAFE60E2F}.Debug|ARM.Deploy.0 = Debug|ARM
		{2D66B8C7-CB5C-4AE0-B6E7-A60AAFE60E2F}.Debug|iPhone.ActiveCfg = Debug|x86
		{2D66B8C7-CB5C-4AE0-B6E7-A60AAFE60E2F}.Debug|iPhoneSimulator.ActiveCfg = Debug|x86
		{2D66B8C7-CB5C-4AE0-B6E7-A60AAFE60E2F}.Debug|x64.ActiveCfg = Debug|x64
		{2D66B8C7-CB5C-4AE0-B6E7-A60AAFE60E2F}.Debug|x64.Build.0 = Debug|x64
		{2D66B8C7-CB5C-4AE0-B6E7-A60AAFE60E2F}.Debug|x64.Deploy.0 = Debug|x64
		{2D66B8C7-CB5C-4AE0-B6E7-A60AAFE60E2F}.Debug|x86.ActiveCfg = Debug|x86
		{2D66B8C7-CB5C-4AE0-B6E7-A60AAFE60E2F}.Debug|x86.Build.0 = Debug|x86
		{2D66B8C7-CB5C-4AE0-B6E7-A60AAFE60E2F}.Debug|x86.Deploy.0 = Debug|x86
		{2D66B8C7-CB5C-4AE0-B6E7-A60AAFE60E2F}.Release|Any CPU.ActiveCfg = Release|x86
		{2D66B8C7-CB5C-4AE0-B6E7-A60AAFE60E2F}.Release|ARM.ActiveCfg = Release|ARM
		{2D66B8C7-CB5C-4AE0-B6E7-A60AAFE60E2F}.Release|ARM.Build.0 = Release|ARM
		{2D66B8C7-CB5C-4AE0-B6E7-A60AAFE60E2F}.Release|ARM.Deploy.0 = Release|ARM
		{2D66B8C7-CB5C-4AE0-B6E7-A60AAFE60E2F}.Release|iPhone.ActiveCfg = Release|x86
		{2D66B8C7-CB5C-4AE0-B6E7-A60AAFE60E2F}.Release|iPhoneSimulator.ActiveCfg = Release|x86
		{2D66B8C7-CB5C-4AE0-B6E7-A60AAFE60E2F}.Release|x64.ActiveCfg = Release|x64
		{2D66B8C7-CB5C-4AE0-B6E7-A60AAFE60E2F}.Release|x64.Build.0 = Release|x64
		{2D66B8C7-CB5C-4AE0-B6E7-A60AAFE60E2F}.Release|x64.Deploy.0 = Release|x64
		{2D66B8C7-CB5C-4AE0-B6E7-A60AAFE60E2F}.Release|x86.ActiveCfg = Release|x86
		{2D66B8C7-CB5C-4AE0-B6E7-A60AAFE60E2F}.Release|x86.Build.0 = Release|x86
		{2D66B8C7-CB5C-4AE0-B6E7-A60AAFE60E2F}.Release|x86.Deploy.0 = Release|x86
		{7A425287-543A-458E-A7A3-4EADE6B6F3D9}.Ad-Hoc|Any CPU.ActiveCfg = Debug|Any CPU
		{7A425287-543A-458E-A7A3-4EADE6B6F3D9}.Ad-Hoc|Any CPU.Build.0 = Debug|Any CPU
		{7A425287-543A-458E-A7A3-4EADE6B6F3D9}.Ad-Hoc|ARM.ActiveCfg = Debug|Any CPU
		{7A425287-543A-458E-A7A3-4EADE6B6F3D9}.Ad-Hoc|ARM.Build.0 = Debug|Any CPU
		{7A425287-543A-458E-A7A3-4EADE6B6F3D9}.Ad-Hoc|iPhone.ActiveCfg = Debug|Any CPU
		{7A425287-543A-458E-A7A3-4EADE6B6F3D9}.Ad-Hoc|iPhone.Build.0 = Debug|Any CPU
		{7A425287-543A-458E-A7A3-4EADE6B6F3D9}.Ad-Hoc|iPhoneSimulator.ActiveCfg = Debug|Any CPU
		{7A425287-543A-458E-A7A3-4EADE6B6F3D9}.Ad-Hoc|iPhoneSimulator.Build.0 = Debug|Any CPU
		{7A425287-543A-458E-A7A3-4EADE6B6F3D9}.Ad-Hoc|x64.ActiveCfg = Debug|Any CPU
		{7A425287-543A-458E-A7A3-4EADE6B6F3D9}.Ad-Hoc|x64.Build.0 = Debug|Any CPU
		{7A425287-543A-458E-A7A3-4EADE6B6F3D9}.Ad-Hoc|x86.ActiveCfg = Debug|Any CPU
		{7A425287-543A-458E-A7A3-4EADE6B6F3D9}.Ad-Hoc|x86.Build.0 = Debug|Any CPU
		{7A425287-543A-458E-A7A3-4EADE6B6F3D9}.AppStore|Any CPU.ActiveCfg = Debug|Any CPU
		{7A425287-543A-458E-A7A3-4EADE6B6F3D9}.AppStore|Any CPU.Build.0 = Debug|Any CPU
		{7A425287-543A-458E-A7A3-4EADE6B6F3D9}.AppStore|ARM.ActiveCfg = Debug|Any CPU
		{7A425287-543A-458E-A7A3-4EADE6B6F3D9}.AppStore|ARM.Build.0 = Debug|Any CPU
		{7A425287-543A-458E-A7A3-4EADE6B6F3D9}.AppStore|iPhone.ActiveCfg = Debug|Any CPU
		{7A425287-543A-458E-A7A3-4EADE6B6F3D9}.AppStore|iPhone.Build.0 = Debug|Any CPU
		{7A425287-543A-458E-A7A3-4EADE6B6F3D9}.AppStore|iPhoneSimulator.ActiveCfg = Debug|Any CPU
		{7A425287-543A-458E-A7A3-4EADE6B6F3D9}.AppStore|iPhoneSimulator.Build.0 = Debug|Any CPU
		{7A425287-543A-458E-A7A3-4EADE6B6F3D9}.AppStore|x64.ActiveCfg = Debug|Any CPU
		{7A425287-543A-458E-A7A3-4EADE6B6F3D9}.AppStore|x64.Build.0 = Debug|Any CPU
		{7A425287-543A-458E-A7A3-4EADE6B6F3D9}.AppStore|x86.ActiveCfg = Debug|Any CPU
		{7A425287-543A-458E-A7A3-4EADE6B6F3D9}.AppStore|x86.Build.0 = Debug|Any CPU
		{7A425287-543A-458E-A7A3-4EADE6B6F3D9}.Debug|Any CPU.ActiveCfg = Debug|Any CPU
		{7A425287-543A-458E-A7A3-4EADE6B6F3D9}.Debug|Any CPU.Build.0 = Debug|Any CPU
		{7A425287-543A-458E-A7A3-4EADE6B6F3D9}.Debug|ARM.ActiveCfg = Debug|Any CPU
		{7A425287-543A-458E-A7A3-4EADE6B6F3D9}.Debug|ARM.Build.0 = Debug|Any CPU
		{7A425287-543A-458E-A7A3-4EADE6B6F3D9}.Debug|iPhone.ActiveCfg = Debug|Any CPU
		{7A425287-543A-458E-A7A3-4EADE6B6F3D9}.Debug|iPhone.Build.0 = Debug|Any CPU
		{7A425287-543A-458E-A7A3-4EADE6B6F3D9}.Debug|iPhoneSimulator.ActiveCfg = Debug|Any CPU
		{7A425287-543A-458E-A7A3-4EADE6B6F3D9}.Debug|iPhoneSimulator.Build.0 = Debug|Any CPU
		{7A425287-543A-458E-A7A3-4EADE6B6F3D9}.Debug|x64.ActiveCfg = Debug|Any CPU
		{7A425287-543A-458E-A7A3-4EADE6B6F3D9}.Debug|x64.Build.0 = Debug|Any CPU
		{7A425287-543A-458E-A7A3-4EADE6B6F3D9}.Debug|x86.ActiveCfg = Debug|Any CPU
		{7A425287-543A-458E-A7A3-4EADE6B6F3D9}.Debug|x86.Build.0 = Debug|Any CPU
		{7A425287-543A-458E-A7A3-4EADE6B6F3D9}.Release|Any CPU.ActiveCfg = Release|Any CPU
		{7A425287-543A-458E-A7A3-4EADE6B6F3D9}.Release|Any CPU.Build.0 = Release|Any CPU
		{7A425287-543A-458E-A7A3-4EADE6B6F3D9}.Release|ARM.ActiveCfg = Release|Any CPU
		{7A425287-543A-458E-A7A3-4EADE6B6F3D9}.Release|ARM.Build.0 = Release|Any CPU
		{7A425287-543A-458E-A7A3-4EADE6B6F3D9}.Release|iPhone.ActiveCfg = Release|Any CPU
		{7A425287-543A-458E-A7A3-4EADE6B6F3D9}.Release|iPhone.Build.0 = Release|Any CPU
		{7A425287-543A-458E-A7A3-4EADE6B6F3D9}.Release|iPhoneSimulator.ActiveCfg = Release|Any CPU
		{7A425287-543A-458E-A7A3-4EADE6B6F3D9}.Release|iPhoneSimulator.Build.0 = Release|Any CPU
		{7A425287-543A-458E-A7A3-4EADE6B6F3D9}.Release|x64.ActiveCfg = Release|Any CPU
		{7A425287-543A-458E-A7A3-4EADE6B6F3D9}.Release|x64.Build.0 = Release|Any CPU
		{7A425287-543A-458E-A7A3-4EADE6B6F3D9}.Release|x86.ActiveCfg = Release|Any CPU
		{7A425287-543A-458E-A7A3-4EADE6B6F3D9}.Release|x86.Build.0 = Release|Any CPU
	EndGlobalSection
	GlobalSection(SolutionProperties) = preSolution
		HideSolutionNode = FALSE
	EndGlobalSection
	GlobalSection(ExtensibilityGlobals) = postSolution
		SolutionGuid = {06BCAECB-B23F-4F9D-A7BE-724676B3BEFA}
	EndGlobalSection
EndGlobal
